
Microsoft Visual Studio Solution File, Format Version 12.00
# Visual Studio Version 17
VisualStudioVersion = 17.4.33205.214
MinimumVisualStudioVersion = 10.0.40219.1
Project("{888888A0-9F3D-457C-B088-3A5042F75D52}") = "Tsükkel", "Tsükkel\Tsükkel.pyproj", "{CC883C00-7CF1-4797-A89F-AEC9B487A48A}"
EndProject
Global
	GlobalSection(SolutionConfigurationPlatforms) = preSolution
		Debug|Any CPU = Debug|Any CPU
		Release|Any CPU = Release|Any CPU
	EndGlobalSection
	GlobalSection(ProjectConfigurationPlatforms) = postSolution
		{CC883C00-7CF1-4797-A89F-AEC9B487A48A}.Debug|Any CPU.ActiveCfg = Debug|Any CPU
		{CC883C00-7CF1-4797-A89F-AEC9B487A48A}.Release|Any CPU.ActiveCfg = Release|Any CPU
	EndGlobalSection
	GlobalSection(SolutionProperties) = preSolution
		HideSolutionNode = FALSE
	EndGlobalSection
	GlobalSection(ExtensibilityGlobals) = postSolution
		SolutionGuid = {92CBA859-B187-41D7-B556-8E0AB17DF80F}
	EndGlobalSection
EndGlobal
